
Microsoft Visual Studio Solution File, Format Version 12.00
# Visual Studio Version 16
VisualStudioVersion = 16.0.31005.135
MinimumVisualStudioVersion = 10.0.40219.1
Project("{9A19103F-16F7-4668-BE54-9A1E7A4F7556}") = "WalletConnectSharp", "WalletConnectSharp.csproj", "{06D34A7F-31CD-402F-855D-CCD601575094}"
EndProject
Global
	GlobalSection(SolutionConfigurationPlatforms) = preSolution
		Debug|Any CPU = Debug|Any CPU
		Release|Any CPU = Release|Any CPU
	EndGlobalSection
	GlobalSection(ProjectConfigurationPlatforms) = postSolution
		{06D34A7F-31CD-402F-855D-CCD601575094}.Debug|Any CPU.ActiveCfg = Debug|Any CPU
		{06D34A7F-31CD-402F-855D-CCD601575094}.Debug|Any CPU.Build.0 = Debug|Any CPU
		{06D34A7F-31CD-402F-855D-CCD601575094}.Release|Any CPU.ActiveCfg = Release|Any CPU
		{06D34A7F-31CD-402F-855D-CCD601575094}.Release|Any CPU.Build.0 = Release|Any CPU
	EndGlobalSection
	GlobalSection(SolutionProperties) = preSolution
		HideSolutionNode = FALSE
	EndGlobalSection
	GlobalSection(ExtensibilityGlobals) = postSolution
		SolutionGuid = {6EF458E2-6150-4490-8B20-44AB85097CF4}
	EndGlobalSection
EndGlobal
